{
    "name": "PikaChoose",
    "version": "4.5.1",
    "lockfileVersion": 1,
    "requires": true,
    "dependencies": {
        "jcarousel": {
            "version": "0.3.7",
            "resolved": "https://registry.npmjs.org/jcarousel/-/jcarousel-0.3.7.tgz",
            "integrity": "sha512-cEiLkKTIJv0XCL/dvp8L0jJeZhwPo26ZDDIS5dVmkplrWWEMv+3rScscSENAqoCn83w9OPdgYrv4h560mG8M9w==",
            "requires": {
                "jquery": "2.1.4"
            }
        },
        "jquery": {
            "version": "2.1.4",
            "resolved": "https://registry.npmjs.org/jquery/-/jquery-2.1.4.tgz",
            "integrity": "sha1-IoveaYoMYUMdwmMKahVPFYkNIxc="
        }
    }
}
